
Microsoft Visual Studio Solution File, Format Version 12.00
# Visual Studio 15
VisualStudioVersion = 15.0.28307.1500
MinimumVisualStudioVersion = 10.0.40219.1
Project("{FAE04EC0-301F-11D3-BF4B-00C04F79EFBC}") = "Exercicio_3_CAM", "Exercicio_3_CAM\Exercicio_3_CAM.csproj", "{8F7D5800-6BE6-47CE-B3ED-B3C3413A411D}"
EndProject
Global
	GlobalSection(SolutionConfigurationPlatforms) = preSolution
		Debug|Any CPU = Debug|Any CPU
		Release|Any CPU = Release|Any CPU
	EndGlobalSection
	GlobalSection(ProjectConfigurationPlatforms) = postSolution
		{8F7D5800-6BE6-47CE-B3ED-B3C3413A411D}.Debug|Any CPU.ActiveCfg = Debug|Any CPU
		{8F7D5800-6BE6-47CE-B3ED-B3C3413A411D}.Debug|Any CPU.Build.0 = Debug|Any CPU
		{8F7D5800-6BE6-47CE-B3ED-B3C3413A411D}.Release|Any CPU.ActiveCfg = Release|Any CPU
		{8F7D5800-6BE6-47CE-B3ED-B3C3413A411D}.Release|Any CPU.Build.0 = Release|Any CPU
	EndGlobalSection
	GlobalSection(SolutionProperties) = preSolution
		HideSolutionNode = FALSE
	EndGlobalSection
	GlobalSection(ExtensibilityGlobals) = postSolution
		SolutionGuid = {C5A1E3DC-2FAF-4F9E-BB30-E34D350025A3}
	EndGlobalSection
EndGlobal
